
Microsoft Visual Studio Solution File, Format Version 11.00
# Visual Studio 2010
Project("{8BC9CEB8-8B4A-11D0-8D11-00A0C91BC942}") = "project", "project.vcxproj", "{225CEF25-3F57-4EE0-82EE-CE5CB1DF3CAB}"
EndProject
Global
	GlobalSection(SolutionConfigurationPlatforms) = preSolution
		Debug|Win32 = Debug|Win32
		Release|Win32 = Release|Win32
	EndGlobalSection
	GlobalSection(ProjectConfigurationPlatforms) = postSolution
		{225CEF25-3F57-4EE0-82EE-CE5CB1DF3CAB}.Debug|Win32.ActiveCfg = Debug|Win32
		{225CEF25-3F57-4EE0-82EE-CE5CB1DF3CAB}.Debug|Win32.Build.0 = Debug|Win32
		{225CEF25-3F57-4EE0-82EE-CE5CB1DF3CAB}.Release|Win32.ActiveCfg = Release|Win32
		{225CEF25-3F57-4EE0-82EE-CE5CB1DF3CAB}.Release|Win32.Build.0 = Release|Win32
	EndGlobalSection
	GlobalSection(SolutionProperties) = preSolution
		HideSolutionNode = FALSE
	EndGlobalSection
EndGlobal
